
Microsoft Visual Studio Solution File, Format Version 12.00
# Visual Studio 15
VisualStudioVersion = 15.0.27703.2035
MinimumVisualStudioVersion = 10.0.40219.1
Project("{FAE04EC0-301F-11D3-BF4B-00C04F79EFBC}") = "PersonalInfo", "PersonalInfo\PersonalInfo.csproj", "{91B12D2D-CD7F-4C0E-9BD7-C9E2F5D426EA}"
EndProject
Global
	GlobalSection(SolutionConfigurationPlatforms) = preSolution
		Debug|Any CPU = Debug|Any CPU
		Release|Any CPU = Release|Any CPU
	EndGlobalSection
	GlobalSection(ProjectConfigurationPlatforms) = postSolution
		{91B12D2D-CD7F-4C0E-9BD7-C9E2F5D426EA}.Debug|Any CPU.ActiveCfg = Debug|Any CPU
		{91B12D2D-CD7F-4C0E-9BD7-C9E2F5D426EA}.Debug|Any CPU.Build.0 = Debug|Any CPU
		{91B12D2D-CD7F-4C0E-9BD7-C9E2F5D426EA}.Release|Any CPU.ActiveCfg = Release|Any CPU
		{91B12D2D-CD7F-4C0E-9BD7-C9E2F5D426EA}.Release|Any CPU.Build.0 = Release|Any CPU
	EndGlobalSection
	GlobalSection(SolutionProperties) = preSolution
		HideSolutionNode = FALSE
	EndGlobalSection
	GlobalSection(ExtensibilityGlobals) = postSolution
		SolutionGuid = {56311EC8-1BC4-4031-997A-72DADDCDF810}
	EndGlobalSection
EndGlobal
